
Microsoft Visual Studio Solution File, Format Version 12.00
# Visual Studio Version 16
VisualStudioVersion = 16.0.30717.126
MinimumVisualStudioVersion = 10.0.40219.1
Project("{FAE04EC0-301F-11D3-BF4B-00C04F79EFBC}") = "UMLCLIENT-COMPTE", "UMLCLIENT-COMPTE.csproj", "{834E27E2-3D82-43E4-97D9-B3FCC1283EFD}"
EndProject
Global
	GlobalSection(SolutionConfigurationPlatforms) = preSolution
		Debug|Any CPU = Debug|Any CPU
		Release|Any CPU = Release|Any CPU
	EndGlobalSection
	GlobalSection(ProjectConfigurationPlatforms) = postSolution
		{834E27E2-3D82-43E4-97D9-B3FCC1283EFD}.Debug|Any CPU.ActiveCfg = Debug|Any CPU
		{834E27E2-3D82-43E4-97D9-B3FCC1283EFD}.Debug|Any CPU.Build.0 = Debug|Any CPU
		{834E27E2-3D82-43E4-97D9-B3FCC1283EFD}.Release|Any CPU.ActiveCfg = Release|Any CPU
		{834E27E2-3D82-43E4-97D9-B3FCC1283EFD}.Release|Any CPU.Build.0 = Release|Any CPU
	EndGlobalSection
	GlobalSection(SolutionProperties) = preSolution
		HideSolutionNode = FALSE
	EndGlobalSection
	GlobalSection(ExtensibilityGlobals) = postSolution
		SolutionGuid = {78230571-393D-4A0A-84E7-71B08610792A}
	EndGlobalSection
EndGlobal
